
Microsoft Visual Studio Solution File, Format Version 12.00
# Visual Studio Version 17
VisualStudioVersion = 17.4.33213.308
MinimumVisualStudioVersion = 10.0.40219.1
Project("{FAE04EC0-301F-11D3-BF4B-00C04F79EFBC}") = "Moni", "Moni\Moni.csproj", "{CE25064E-0ABF-47C4-A434-23D1C4155EAD}"
EndProject
Global
	GlobalSection(SolutionConfigurationPlatforms) = preSolution
		Debug|Any CPU = Debug|Any CPU
		Release|Any CPU = Release|Any CPU
	EndGlobalSection
	GlobalSection(ProjectConfigurationPlatforms) = postSolution
		{CE25064E-0ABF-47C4-A434-23D1C4155EAD}.Debug|Any CPU.ActiveCfg = Debug|Any CPU
		{CE25064E-0ABF-47C4-A434-23D1C4155EAD}.Debug|Any CPU.Build.0 = Debug|Any CPU
		{CE25064E-0ABF-47C4-A434-23D1C4155EAD}.Release|Any CPU.ActiveCfg = Release|Any CPU
		{CE25064E-0ABF-47C4-A434-23D1C4155EAD}.Release|Any CPU.Build.0 = Release|Any CPU
	EndGlobalSection
	GlobalSection(SolutionProperties) = preSolution
		HideSolutionNode = FALSE
	EndGlobalSection
	GlobalSection(ExtensibilityGlobals) = postSolution
		SolutionGuid = {4DB5B4CB-3E84-4CC3-92E2-739F594CAE55}
	EndGlobalSection
EndGlobal
